
Microsoft Visual Studio Solution File, Format Version 12.00
# Visual Studio Version 17
VisualStudioVersion = 17.8.34330.188
MinimumVisualStudioVersion = 10.0.40219.1
Project("{9A19103F-16F7-4668-BE54-9A1E7A4F7556}") = "Stage0", "Stage0\Stage0.csproj", "{2F06AB0E-1AA1-4A39-8310-4DA0F6A2A998}"
EndProject
Project("{2150E333-8FDC-42A3-9474-1A3956D46DE8}") = "Solution Items", "Solution Items", "{4C708A73-F8CB-4D56-AB1E-270F8F412DF9}"
	ProjectSection(SolutionItems) = preProject
		README.md = README.md
		xml\tasks.xml = xml\tasks.xml
	EndProjectSection
EndProject
Project("{9A19103F-16F7-4668-BE54-9A1E7A4F7556}") = "DalFacade", "DalFacade\DalFacade.csproj", "{1566CB3F-C412-496F-B7EC-B2C4A9618623}"
EndProject
Project("{9A19103F-16F7-4668-BE54-9A1E7A4F7556}") = "DalList", "DalList\DalList.csproj", "{5210A6D3-E533-4EA6-90AC-6DEE74CEF32C}"
EndProject
Project("{9A19103F-16F7-4668-BE54-9A1E7A4F7556}") = "DalTest", "DalTest\DalTest.csproj", "{4DE08D33-EA6D-45CD-AE2B-043E36B702C1}"
EndProject
Project("{9A19103F-16F7-4668-BE54-9A1E7A4F7556}") = "DalXml", "DalXml\DalXml.csproj", "{ED9815B5-F326-48FC-B6C9-8B76DBABD57A}"
EndProject
Project("{2150E333-8FDC-42A3-9474-1A3956D46DE8}") = "xml", "xml", "{6DDBCB21-A817-4847-84A2-647966257314}"
	ProjectSection(SolutionItems) = preProject
		xml\dal-config.xml = xml\dal-config.xml
		xml\data-config.xml = xml\data-config.xml
		dependencys.xml = dependencys.xml
		engineers.xml = engineers.xml
		tasks.xml = tasks.xml
	EndProjectSection
EndProject
Project("{9A19103F-16F7-4668-BE54-9A1E7A4F7556}") = "BL", "BL\BL.csproj", "{FE04284B-26FD-4A25-9681-7959EC637BEE}"
EndProject
Project("{9A19103F-16F7-4668-BE54-9A1E7A4F7556}") = "BlTest", "BlTest\BlTest.csproj", "{DD9551C9-3531-4A44-851B-36754052FB10}"
EndProject
Global
	GlobalSection(SolutionConfigurationPlatforms) = preSolution
		Debug|Any CPU = Debug|Any CPU
		Release|Any CPU = Release|Any CPU
	EndGlobalSection
	GlobalSection(ProjectConfigurationPlatforms) = postSolution
		{2F06AB0E-1AA1-4A39-8310-4DA0F6A2A998}.Debug|Any CPU.ActiveCfg = Debug|Any CPU
		{2F06AB0E-1AA1-4A39-8310-4DA0F6A2A998}.Debug|Any CPU.Build.0 = Debug|Any CPU
		{2F06AB0E-1AA1-4A39-8310-4DA0F6A2A998}.Release|Any CPU.ActiveCfg = Release|Any CPU
		{2F06AB0E-1AA1-4A39-8310-4DA0F6A2A998}.Release|Any CPU.Build.0 = Release|Any CPU
		{1566CB3F-C412-496F-B7EC-B2C4A9618623}.Debug|Any CPU.ActiveCfg = Debug|Any CPU
		{1566CB3F-C412-496F-B7EC-B2C4A9618623}.Debug|Any CPU.Build.0 = Debug|Any CPU
		{1566CB3F-C412-496F-B7EC-B2C4A9618623}.Release|Any CPU.ActiveCfg = Release|Any CPU
		{1566CB3F-C412-496F-B7EC-B2C4A9618623}.Release|Any CPU.Build.0 = Release|Any CPU
		{5210A6D3-E533-4EA6-90AC-6DEE74CEF32C}.Debug|Any CPU.ActiveCfg = Debug|Any CPU
		{5210A6D3-E533-4EA6-90AC-6DEE74CEF32C}.Debug|Any CPU.Build.0 = Debug|Any CPU
		{5210A6D3-E533-4EA6-90AC-6DEE74CEF32C}.Release|Any CPU.ActiveCfg = Release|Any CPU
		{5210A6D3-E533-4EA6-90AC-6DEE74CEF32C}.Release|Any CPU.Build.0 = Release|Any CPU
		{4DE08D33-EA6D-45CD-AE2B-043E36B702C1}.Debug|Any CPU.ActiveCfg = Debug|Any CPU
		{4DE08D33-EA6D-45CD-AE2B-043E36B702C1}.Debug|Any CPU.Build.0 = Debug|Any CPU
		{4DE08D33-EA6D-45CD-AE2B-043E36B702C1}.Release|Any CPU.ActiveCfg = Release|Any CPU
		{4DE08D33-EA6D-45CD-AE2B-043E36B702C1}.Release|Any CPU.Build.0 = Release|Any CPU
		{ED9815B5-F326-48FC-B6C9-8B76DBABD57A}.Debug|Any CPU.ActiveCfg = Debug|Any CPU
		{ED9815B5-F326-48FC-B6C9-8B76DBABD57A}.Debug|Any CPU.Build.0 = Debug|Any CPU
		{ED9815B5-F326-48FC-B6C9-8B76DBABD57A}.Release|Any CPU.ActiveCfg = Release|Any CPU
		{ED9815B5-F326-48FC-B6C9-8B76DBABD57A}.Release|Any CPU.Build.0 = Release|Any CPU
		{FE04284B-26FD-4A25-9681-7959EC637BEE}.Debug|Any CPU.ActiveCfg = Debug|Any CPU
		{FE04284B-26FD-4A25-9681-7959EC637BEE}.Debug|Any CPU.Build.0 = Debug|Any CPU
		{FE04284B-26FD-4A25-9681-7959EC637BEE}.Release|Any CPU.ActiveCfg = Release|Any CPU
		{FE04284B-26FD-4A25-9681-7959EC637BEE}.Release|Any CPU.Build.0 = Release|Any CPU
		{DD9551C9-3531-4A44-851B-36754052FB10}.Debug|Any CPU.ActiveCfg = Debug|Any CPU
		{DD9551C9-3531-4A44-851B-36754052FB10}.Debug|Any CPU.Build.0 = Debug|Any CPU
		{DD9551C9-3531-4A44-851B-36754052FB10}.Release|Any CPU.ActiveCfg = Release|Any CPU
		{DD9551C9-3531-4A44-851B-36754052FB10}.Release|Any CPU.Build.0 = Release|Any CPU
	EndGlobalSection
	GlobalSection(SolutionProperties) = preSolution
		HideSolutionNode = FALSE
	EndGlobalSection
	GlobalSection(NestedProjects) = preSolution
		{6DDBCB21-A817-4847-84A2-647966257314} = {4C708A73-F8CB-4D56-AB1E-270F8F412DF9}
	EndGlobalSection
	GlobalSection(ExtensibilityGlobals) = postSolution
		SolutionGuid = {B9ED8A6A-B4B1-428A-BFA7-1970F4EFF5E8}
	EndGlobalSection
EndGlobal
